# This file is automatically @generated by Cargo.
# It is not intended for manual editing.
version = 4

[[package]]
name = "mish-android-ffi"
version = "0.1.0"

[[package]]
name = "mish-application"
version = "0.1.0"

[[package]]
name = "mish-cellular"
version = "0.1.0"

[[package]]
name = "mish-configuration"
version = "0.1.0"

[[package]]
name = "mish-credentials"
version = "0.1.0"

[[package]]
name = "mish-identity"
version = "0.1.0"

[[package]]
name = "mish-proxy"
version = "0.1.0"

[[package]]
name = "mish-readiness"
version = "0.1.0"

[[package]]
name = "mish-rotation"
version = "0.1.0"

[[package]]
name = "mish-runtime"
version = "0.1.0"

[[package]]
name = "mish-sing-box-adapter"
version = "0.1.0"

[[package]]
name = "mish-transport"
version = "0.1.0"
