# U8-G Camoufox Windows/Python 3.14 exact wheel lock.
# Provenance:
# main_sha=83eb419619526ca2e18a3cd5ac086cde7cf4c598
# workflow_run=35879299500
# artifact_id=10759793095
# artifact_digest=sha256:e2eb41dc30f5b75720e6cd2744ca40738e5fe874841722661ac02826cb0fcfd6
# Resolver contract: pip 26.0.1, Python 3.14.4 x64, --only-binary=:all:, --ignore-installed.
camoufox==0.5.6 --hash=sha256:b906836cd952376a466f0e55445f139b8a65adfb9f18ab55cb2cd0c727b11561
requests==2.34.2 --hash=sha256:2a0d60c172f83ac6ab31e4554906c0f3b3588d37b5cb939b1c061f4907e278e0
charset-normalizer==3.5.1 --hash=sha256:c658c50ac0c98cd755a2dd50b7977d3bca7df401dcc47fbdfa87db53ef7d4e8b
idna==3.20 --hash=sha256:ab7ae7122974553370f0bdb919e1a960b2cd1bc1ef0276416d896db81c14582c
urllib3==2.8.0 --hash=sha256:0cf3cae568d36aa9576b28dfb35f11328f1cb974ca7647d9475ebb86c75ac6e3
certifi==2026.7.22 --hash=sha256:62f22742b58a1a33014a2b6b706588a8d7e2a88ae7bd1a6ebe8c992928483775
rich==15.0.0 --hash=sha256:33bd4ef74232fb73fe9279a257718407f169c09b78a87ad3d296f548e27de0bb
pygments==2.21.0 --hash=sha256:2363c69b61c4a97c838da3b130dcd6468f4848992b21a82f2a63ec34377137d9
markdown-it-py==4.2.0 --hash=sha256:9f7ebbcd14fe59494226453aed97c1070d83f8d24b6fc3a3bcf9a38092641c4a
mdurl==0.1.2 --hash=sha256:84008a41e51615a49fc9966191ff91509e3c40b939176e643fd50a5c2196b8f8
rich-click==1.9.9 --hash=sha256:365e7a9d0adb42e41ea832a0a12e02c44c079a26536dee688125eb9814f97274
colorama==0.4.6 --hash=sha256:4f1d9991f5acc0ca119f9d443620b77f9d6b33703e51011c16baf57afb285fc6
runs==1.3.0 --hash=sha256:e71a551cfa8da9ef882cac1d5a108bda78c9edee5b8d87e37c1003da5b6a7bed
screeninfo==0.8.1 --hash=sha256:e97d6b173856edcfa3bd282f81deb528188aff14b11ec3e195584e7641be733c
typing_extensions==4.16.0 --hash=sha256:481caa481374e813c1b176ada14e97f1f67a4539ce9cfeb3f350d78d6370c2e8
ua-parser==1.0.2 --hash=sha256:0f8e6d0484af2a9ff804bba5a4fe696e87c028eaba98ad9a7dfae873fef7788a
pyyaml==6.0.3 --hash=sha256:4a2e8cebe2ff6ab7d1050ecd59c25d4c8bd7e6f400f5f82b96557ac0abafd0ac
pysocks==1.7.1 --hash=sha256:2725bd0a9925919b9b51739eea5f9e2bae91e83288108a9ad338b2e3a4435ee5
platformdirs==4.11.12 --hash=sha256:b1ba966ac76153d9985a0787ffab951e7c18416189873d4e4ddb2c8a04a0a254
orjson==3.12.0 --hash=sha256:0b1ac5bf6609b2716c7954011c5fef6254922df029f45d032ee4ebf5d363cbed
playwright==1.61.0 --hash=sha256:35c6cc4589a5d00964a59d7b3e59641e0aac0c02f15479a7af77d20f6bc79597
browserforge==1.2.4 --hash=sha256:fb1c14e62ac09de221dcfc73074200269f697596c642cb200ceaab1127a17542
greenlet==3.5.6 --hash=sha256:f8f0bd690e1a41294ac87905e8121c81a3761ec2583c768f13467428606c8c7a
pyee==13.0.1 --hash=sha256:af2f8fede4171ef667dfded53f96e2ed0d6e6bd7ee3bb46437f77e3b57689228
apify_fingerprint_datapoints==0.15.0 --hash=sha256:fc9299b3136880f47b468897cd00ac622ad2c2a93e9cc9f972d10dbf5ed2b3aa
click==8.5.0 --hash=sha256:255bc9599cf7748b4b1a446ccc735421bd08a2ae529a8b88597d3de5664ee360
inquirer==3.4.1 --hash=sha256:717bf146d547b595d2495e7285fd55545cff85e5ce01decc7487d2ec6a605412
ua-parser-builtins==202606 --hash=sha256:13b483eb12a5419c1094ce02b7df705fefc6b5d869764b3ffbf6c940c6d014cb
blessed==1.50.0 --hash=sha256:6a693d524f7c21129dd61c4d10f11bda89911c05dc7df91219854c9ccf394cbf
editor==2.0.1 --hash=sha256:96277ffb0c529d9b54f0c10bff4bd39d23ab1298504424232319b1a26b41240a
readchar==4.2.2 --hash=sha256:92daf7e42c52b0787e6c75d01ecfb9a94f4ceff3764958b570c1dddedd47b200
wcwidth==0.8.5 --hash=sha256:04c88cff9dc3766fe621898afcaff8af3d803b4268804c348f6d973d61e862dc
ansicon==1.89.0 --hash=sha256:f1def52d17f65c2c9682cf8370c03f541f410c1752d6a14029f97318e4b9dfec
language-tags==1.3.1 --hash=sha256:f7db7ef8879523019603e09644a86d95ba60595ce5e5ea82d46e8971b0f68f7b
lxml==6.1.3 --hash=sha256:66299564c046bc7e0cc5de5106601eae907e9fa5904cd68a323380a8502f7861
numpy==2.5.3 --hash=sha256:2c25dfa72943e4336ddb6b0ee4277b47a0c85bede0807530ec68103bf58e2c10
jinxed==2.1.0 --hash=sha256:43b802d18b70e405d410fb66eb2837d1101e7e5ea922e666507bb43f34d11d09
xmod==1.10.0 --hash=sha256:bebf8493b7ac63097401590a329c9ed20da224de0583a522e7ccb634af122f5a
